
Microsoft Visual Studio Solution File, Format Version 12.00
# Visual Studio 15
VisualStudioVersion = 15.0.28307.757
MinimumVisualStudioVersion = 10.0.40219.1
Project("{9A19103F-16F7-4668-BE54-9A1E7A4F7556}") = "ClientUI", "ClientUI\ClientUI.csproj", "{EF637181-0DE0-42DB-A2CD-28F244EA9988}"
EndProject
Project("{9A19103F-16F7-4668-BE54-9A1E7A4F7556}") = "Messages", "Messages\Messages.csproj", "{6DA195BF-0315-4147-A9FA-382324573147}"
EndProject
Project("{9A19103F-16F7-4668-BE54-9A1E7A4F7556}") = "Sales", "Sales\Sales.csproj", "{DC40BE02-0563-4B97-ADD9-31FA1872E3B0}"
EndProject
Project("{9A19103F-16F7-4668-BE54-9A1E7A4F7556}") = "Billing", "Billing\Billing.csproj", "{C704BCF3-B316-4CBB-957F-DAB5716CD756}"
EndProject
Project("{FAE04EC0-301F-11D3-BF4B-00C04F79EFBC}") = "Shipping", "Shipping\Shipping.csproj", "{B0DDD019-71E6-4826-BDEF-1985CBC9ADC8}"
EndProject
Global
	GlobalSection(SolutionConfigurationPlatforms) = preSolution
		Debug|Any CPU = Debug|Any CPU
		Release|Any CPU = Release|Any CPU
	EndGlobalSection
	GlobalSection(ProjectConfigurationPlatforms) = postSolution
		{EF637181-0DE0-42DB-A2CD-28F244EA9988}.Debug|Any CPU.ActiveCfg = Debug|Any CPU
		{EF637181-0DE0-42DB-A2CD-28F244EA9988}.Debug|Any CPU.Build.0 = Debug|Any CPU
		{EF637181-0DE0-42DB-A2CD-28F244EA9988}.Release|Any CPU.ActiveCfg = Release|Any CPU
		{EF637181-0DE0-42DB-A2CD-28F244EA9988}.Release|Any CPU.Build.0 = Release|Any CPU
		{6DA195BF-0315-4147-A9FA-382324573147}.Debug|Any CPU.ActiveCfg = Debug|Any CPU
		{6DA195BF-0315-4147-A9FA-382324573147}.Debug|Any CPU.Build.0 = Debug|Any CPU
		{6DA195BF-0315-4147-A9FA-382324573147}.Release|Any CPU.ActiveCfg = Release|Any CPU
		{6DA195BF-0315-4147-A9FA-382324573147}.Release|Any CPU.Build.0 = Release|Any CPU
		{DC40BE02-0563-4B97-ADD9-31FA1872E3B0}.Debug|Any CPU.ActiveCfg = Debug|Any CPU
		{DC40BE02-0563-4B97-ADD9-31FA1872E3B0}.Debug|Any CPU.Build.0 = Debug|Any CPU
		{DC40BE02-0563-4B97-ADD9-31FA1872E3B0}.Release|Any CPU.ActiveCfg = Release|Any CPU
		{DC40BE02-0563-4B97-ADD9-31FA1872E3B0}.Release|Any CPU.Build.0 = Release|Any CPU
		{C704BCF3-B316-4CBB-957F-DAB5716CD756}.Debug|Any CPU.ActiveCfg = Debug|Any CPU
		{C704BCF3-B316-4CBB-957F-DAB5716CD756}.Debug|Any CPU.Build.0 = Debug|Any CPU
		{C704BCF3-B316-4CBB-957F-DAB5716CD756}.Release|Any CPU.ActiveCfg = Release|Any CPU
		{C704BCF3-B316-4CBB-957F-DAB5716CD756}.Release|Any CPU.Build.0 = Release|Any CPU
		{B0DDD019-71E6-4826-BDEF-1985CBC9ADC8}.Debug|Any CPU.ActiveCfg = Debug|Any CPU
		{B0DDD019-71E6-4826-BDEF-1985CBC9ADC8}.Debug|Any CPU.Build.0 = Debug|Any CPU
		{B0DDD019-71E6-4826-BDEF-1985CBC9ADC8}.Release|Any CPU.ActiveCfg = Release|Any CPU
		{B0DDD019-71E6-4826-BDEF-1985CBC9ADC8}.Release|Any CPU.Build.0 = Release|Any CPU
	EndGlobalSection
	GlobalSection(SolutionProperties) = preSolution
		HideSolutionNode = FALSE
	EndGlobalSection
	GlobalSection(ExtensibilityGlobals) = postSolution
		SolutionGuid = {388676FE-6E1B-4BD0-8073-FB4BB6EFF700}
	EndGlobalSection
EndGlobal
